
Microsoft Visual Studio Solution File, Format Version 12.00
# Visual Studio 15
VisualStudioVersion = 15.0.28307.106
MinimumVisualStudioVersion = 10.0.40219.1
Project("{9A19103F-16F7-4668-BE54-9A1E7A4F7556}") = "End2EndTestStub", "End2EndTestStub\End2EndTestStub.csproj", "{58415DB2-4119-46B8-B9BD-7E0F9EFC78F9}"
EndProject
Project("{FAE04EC0-301F-11D3-BF4B-00C04F79EFBC}") = "End2EndTestStub.Tests", "End2EndTestStub.Tests\End2EndTestStub.Tests.csproj", "{CE8EB541-0473-4286-885E-C73723DB9DFD}"
EndProject
Global
	GlobalSection(SolutionConfigurationPlatforms) = preSolution
		Debug|Any CPU = Debug|Any CPU
		Release|Any CPU = Release|Any CPU
	EndGlobalSection
	GlobalSection(ProjectConfigurationPlatforms) = postSolution
		{58415DB2-4119-46B8-B9BD-7E0F9EFC78F9}.Debug|Any CPU.ActiveCfg = Debug|Any CPU
		{58415DB2-4119-46B8-B9BD-7E0F9EFC78F9}.Debug|Any CPU.Build.0 = Debug|Any CPU
		{58415DB2-4119-46B8-B9BD-7E0F9EFC78F9}.Release|Any CPU.ActiveCfg = Release|Any CPU
		{58415DB2-4119-46B8-B9BD-7E0F9EFC78F9}.Release|Any CPU.Build.0 = Release|Any CPU
		{CE8EB541-0473-4286-885E-C73723DB9DFD}.Debug|Any CPU.ActiveCfg = Debug|Any CPU
		{CE8EB541-0473-4286-885E-C73723DB9DFD}.Debug|Any CPU.Build.0 = Debug|Any CPU
		{CE8EB541-0473-4286-885E-C73723DB9DFD}.Release|Any CPU.ActiveCfg = Release|Any CPU
		{CE8EB541-0473-4286-885E-C73723DB9DFD}.Release|Any CPU.Build.0 = Release|Any CPU
	EndGlobalSection
	GlobalSection(SolutionProperties) = preSolution
		HideSolutionNode = FALSE
	EndGlobalSection
	GlobalSection(ExtensibilityGlobals) = postSolution
		SolutionGuid = {EFB5868E-577E-48CF-B28A-9097C8823C4D}
	EndGlobalSection
EndGlobal
